{
  "name": "vite-recipe-book",
  "version": "0.0.0",
  "lockfileVersion": 1,
  "requires": true,
  "dependencies": {
    "@babel/helper-validator-identifier": {
      "version": "7.9.5",
      "resolved": "https://registry.npmjs.org/@babel/helper-validator-identifier/-/helper-validator-identifier-7.9.5.tgz",
      "integrity": "sha512-/8arLKUFq882w4tWGj9JYzRpAlZgiWUJ+dtteNTDqrRBz9Iguck9Rn3ykuBDoUwh2TO4tSAJlrxDUOXWklJe4g=="
    },
    "@babel/parser": {
      "version": "7.9.6",
      "resolved": "https://registry.npmjs.org/@babel/parser/-/parser-7.9.6.tgz",
      "integrity": "sha512-AoeIEJn8vt+d/6+PXDRPaksYhnlbMIiejioBZvvMQsOjW/JYK6k/0dKnvvP3EhK5GfMBWDPtrxRtegWdAcdq9Q=="
    },
    "@babel/types": {
      "version": "7.9.6",
      "resolved": "https://registry.npmjs.org/@babel/types/-/types-7.9.6.tgz",
      "integrity": "sha512-qxXzvBO//jO9ZnoasKF1uJzHd2+M6Q2ZPIVfnFps8JJvXy0ZBbwbNOmE6SGIY5XOY6d1Bo5lb9d9RJ8nv3WSeA==",
      "requires": {
        "@babel/helper-validator-identifier": "^7.9.5",
        "lodash": "^4.17.13",
        "to-fast-properties": "^2.0.0"
      }
    },
    "@esbuild/android-arm": {
      "version": "0.16.12",
      "resolved": "https://registry.npmjs.org/@esbuild/android-arm/-/android-arm-0.16.12.tgz",
      "integrity": "sha512-CTWgMJtpCyCltrvipZrrcjjRu+rzm6pf9V8muCsJqtKujR3kPmU4ffbckvugNNaRmhxAF1ZI3J+0FUIFLFg8KA==",
      "dev": true,
      "optional": true
    },
    "@esbuild/android-arm64": {
      "version": "0.16.12",
      "resolved": "https://registry.npmjs.org/@esbuild/android-arm64/-/android-arm64-0.16.12.tgz",
      "integrity": "sha512-0LacmiIW+X0/LOLMZqYtZ7d4uY9fxYABAYhSSOu+OGQVBqH4N5eIYgkT7bBFnR4Nm3qo6qS3RpHKVrDASqj/uQ==",
      "dev": true,
      "optional": true
    },
    "@esbuild/android-x64": {
      "version": "0.16.12",
      "resolved": "https://registry.npmjs.org/@esbuild/android-x64/-/android-x64-0.16.12.tgz",
      "integrity": "sha512-sS5CR3XBKQXYpSGMM28VuiUnbX83Z+aWPZzClW+OB2JquKqxoiwdqucJ5qvXS8pM6Up3RtJfDnRQZkz3en2z5g==",
      "dev": true,
      "optional": true
    },
    "@esbuild/darwin-arm64": {
      "version": "0.16.12",
      "resolved": "https://registry.npmjs.org/@esbuild/darwin-arm64/-/darwin-arm64-0.16.12.tgz",
      "integrity": "sha512-Dpe5hOAQiQRH20YkFAg+wOpcd4PEuXud+aGgKBQa/VriPJA8zuVlgCOSTwna1CgYl05lf6o5els4dtuyk1qJxQ==",
      "dev": true,
      "optional": true
    },
    "@esbuild/darwin-x64": {
      "version": "0.16.12",
      "resolved": "https://registry.npmjs.org/@esbuild/darwin-x64/-/darwin-x64-0.16.12.tgz",
      "integrity": "sha512-ApGRA6X5txIcxV0095X4e4KKv87HAEXfuDRcGTniDWUUN+qPia8sl/BqG/0IomytQWajnUn4C7TOwHduk/FXBQ==",
      "dev": true,
      "optional": true
    },
    "@esbuild/freebsd-arm64": {
      "version": "0.16.12",
      "resolved": "https://registry.npmjs.org/@esbuild/freebsd-arm64/-/freebsd-arm64-0.16.12.tgz",
      "integrity": "sha512-AMdK2gA9EU83ccXCWS1B/KcWYZCj4P3vDofZZkl/F/sBv/fphi2oUqUTox/g5GMcIxk8CF1CVYTC82+iBSyiUg==",
      "dev": true,
      "optional": true
    },
    "@esbuild/freebsd-x64": {
      "version": "0.16.12",
      "resolved": "https://registry.npmjs.org/@esbuild/freebsd-x64/-/freebsd-x64-0.16.12.tgz",
      "integrity": "sha512-KUKB9w8G/xaAbD39t6gnRBuhQ8vIYYlxGT2I+mT6UGRnCGRr1+ePFIGBQmf5V16nxylgUuuWVW1zU2ktKkf6WQ==",
      "dev": true,
      "optional": true
    },
    "@esbuild/linux-arm": {
      "version": "0.16.12",
      "resolved": "https://registry.npmjs.org/@esbuild/linux-arm/-/linux-arm-0.16.12.tgz",
      "integrity": "sha512-vhDdIv6z4eL0FJyNVfdr3C/vdd/Wc6h1683GJsFoJzfKb92dU/v88FhWdigg0i6+3TsbSDeWbsPUXb4dif2abg==",
      "dev": true,
      "optional": true
    },
    "@esbuild/linux-arm64": {
      "version": "0.16.12",
      "resolved": "https://registry.npmjs.org/@esbuild/linux-arm64/-/linux-arm64-0.16.12.tgz",
      "integrity": "sha512-29HXMLpLklDfmw7T2buGqq3HImSUaZ1ArmrPOMaNiZZQptOSZs32SQtOHEl8xWX5vfdwZqrBfNf8Te4nArVzKQ==",
      "dev": true,
      "optional": true
    },
    "@esbuild/linux-ia32": {
      "version": "0.16.12",
      "resolved": "https://registry.npmjs.org/@esbuild/linux-ia32/-/linux-ia32-0.16.12.tgz",
      "integrity": "sha512-JFDuNDTTfgD1LJg7wHA42o2uAO/9VzHYK0leAVnCQE/FdMB599YMH73ux+nS0xGr79pv/BK+hrmdRin3iLgQjg==",
      "dev": true,
      "optional": true
    },
    "@esbuild/linux-loong64": {
      "version": "0.16.12",
      "resolved": "https://registry.npmjs.org/@esbuild/linux-loong64/-/linux-loong64-0.16.12.tgz",
      "integrity": "sha512-xTGzVPqm6WKfCC0iuj1fryIWr1NWEM8DMhAIo+4rFgUtwy/lfHl+Obvus4oddzRDbBetLLmojfVZGmt/g/g+Rw==",
      "dev": true,
      "optional": true
    },
    "@esbuild/linux-mips64el": {
      "version": "0.16.12",
      "resolved": "https://registry.npmjs.org/@esbuild/linux-mips64el/-/linux-mips64el-0.16.12.tgz",
      "integrity": "sha512-zI1cNgHa3Gol+vPYjIYHzKhU6qMyOQrvZ82REr5Fv7rlh5PG6SkkuCoH7IryPqR+BK2c/7oISGsvPJPGnO2bHQ==",
      "dev": true,
      "optional": true
    },
    "@esbuild/linux-ppc64": {
      "version": "0.16.12",
      "resolved": "https://registry.npmjs.org/@esbuild/linux-ppc64/-/linux-ppc64-0.16.12.tgz",
      "integrity": "sha512-/C8OFXExoMmvTDIOAM54AhtmmuDHKoedUd0Otpfw3+AuuVGemA1nQK99oN909uZbLEU6Bi+7JheFMG3xGfZluQ==",
      "dev": true,
      "optional": true
    },
    "@esbuild/linux-riscv64": {
      "version": "0.16.12",
      "resolved": "https://registry.npmjs.org/@esbuild/linux-riscv64/-/linux-riscv64-0.16.12.tgz",
      "integrity": "sha512-qeouyyc8kAGV6Ni6Isz8hUsKMr00EHgVwUKWNp1r4l88fHEoNTDB8mmestvykW6MrstoGI7g2EAsgr0nxmuGYg==",
      "dev": true,
      "optional": true
    },
    "@esbuild/linux-s390x": {
      "version": "0.16.12",
      "resolved": "https://registry.npmjs.org/@esbuild/linux-s390x/-/linux-s390x-0.16.12.tgz",
      "integrity": "sha512-s9AyI/5vz1U4NNqnacEGFElqwnHusWa81pskAf8JNDM2eb6b2E6PpBmT8RzeZv6/TxE6/TADn2g9bb0jOUmXwQ==",
      "dev": true,
      "optional": true
    },
    "@esbuild/linux-x64": {
      "version": "0.16.12",
      "resolved": "https://registry.npmjs.org/@esbuild/linux-x64/-/linux-x64-0.16.12.tgz",
      "integrity": "sha512-e8YA7GQGLWhvakBecLptUiKxOk4E/EPtSckS1i0MGYctW8ouvNUoh7xnU15PGO2jz7BYl8q1R6g0gE5HFtzpqQ==",
      "dev": true,
      "optional": true
    },
    "@esbuild/netbsd-x64": {
      "version": "0.16.12",
      "resolved": "https://registry.npmjs.org/@esbuild/netbsd-x64/-/netbsd-x64-0.16.12.tgz",
      "integrity": "sha512-z2+kUxmOqBS+6SRVd57iOLIHE8oGOoEnGVAmwjm2aENSP35HPS+5cK+FL1l+rhrsJOFIPrNHqDUNechpuG96Sg==",
      "dev": true,
      "optional": true
    },
    "@esbuild/openbsd-x64": {
      "version": "0.16.12",
      "resolved": "https://registry.npmjs.org/@esbuild/openbsd-x64/-/openbsd-x64-0.16.12.tgz",
      "integrity": "sha512-PAonw4LqIybwn2/vJujhbg1N9W2W8lw9RtXIvvZoyzoA/4rA4CpiuahVbASmQohiytRsixbNoIOUSjRygKXpyA==",
      "dev": true,
      "optional": true
    },
    "@esbuild/sunos-x64": {
      "version": "0.16.12",
      "resolved": "https://registry.npmjs.org/@esbuild/sunos-x64/-/sunos-x64-0.16.12.tgz",
      "integrity": "sha512-+wr1tkt1RERi+Zi/iQtkzmMH4nS8+7UIRxjcyRz7lur84wCkAITT50Olq/HiT4JN2X2bjtlOV6vt7ptW5Gw60Q==",
      "dev": true,
      "optional": true
    },
    "@esbuild/win32-arm64": {
      "version": "0.16.12",
      "resolved": "https://registry.npmjs.org/@esbuild/win32-arm64/-/win32-arm64-0.16.12.tgz",
      "integrity": "sha512-XEjeUSHmjsAOJk8+pXJu9pFY2O5KKQbHXZWQylJzQuIBeiGrpMeq9sTVrHefHxMOyxUgoKQTcaTS+VK/K5SviA==",
      "dev": true,
      "optional": true
    },
    "@esbuild/win32-ia32": {
      "version": "0.16.12",
      "resolved": "https://registry.npmjs.org/@esbuild/win32-ia32/-/win32-ia32-0.16.12.tgz",
      "integrity": "sha512-eRKPM7e0IecUAUYr2alW7JGDejrFJXmpjt4MlfonmQ5Rz9HWpKFGCjuuIRgKO7W9C/CWVFXdJ2GjddsBXqQI4A==",
      "dev": true,
      "optional": true
    },
    "@esbuild/win32-x64": {
      "version": "0.16.12",
      "resolved": "https://registry.npmjs.org/@esbuild/win32-x64/-/win32-x64-0.16.12.tgz",
      "integrity": "sha512-iPYKN78t3op2+erv2frW568j1q0RpqX6JOLZ7oPPaAV1VaF7dDstOrNw37PVOYoTWE11pV4A1XUitpdEFNIsPg==",
      "dev": true,
      "optional": true
    },
    "@vue/compiler-core": {
      "version": "3.0.0-beta.14",
      "resolved": "https://registry.npmjs.org/@vue/compiler-core/-/compiler-core-3.0.0-beta.14.tgz",
      "integrity": "sha512-VZarslk2r0E8V9Iuu24LPOWuomWV8KgTp3Pmie6Ys+LnIk+G/hme9BwC2jZgmqgF+adwcfmUC5BTi/KbhRVeIw==",
      "requires": {
        "@babel/parser": "^7.8.6",
        "@babel/types": "^7.8.6",
        "@vue/shared": "3.0.0-beta.14",
        "estree-walker": "^0.8.1",
        "source-map": "^0.6.1"
      },
      "dependencies": {
        "estree-walker": {
          "version": "0.8.1",
          "resolved": "https://registry.npmjs.org/estree-walker/-/estree-walker-0.8.1.tgz",
          "integrity": "sha512-H6cJORkqvrNziu0KX2hqOMAlA2CiuAxHeGJXSIoKA/KLv229Dw806J3II6mKTm5xiDX1At1EXCfsOQPB+tMB+g=="
        }
      }
    },
    "@vue/compiler-dom": {
      "version": "3.0.0-beta.14",
      "resolved": "https://registry.npmjs.org/@vue/compiler-dom/-/compiler-dom-3.0.0-beta.14.tgz",
      "integrity": "sha512-wZ2uWo4jvAGD5FPNZYMOxpKEDigLcoPvOGhIAv8H4B6ltDyW54Zfc4RrW5MopJqEcHDDZMpcgGcFN5Qa09sLOg==",
      "requires": {
        "@vue/compiler-core": "3.0.0-beta.14",
        "@vue/shared": "3.0.0-beta.14"
      }
    },
    "@vue/compiler-sfc": {
      "version": "3.2.45",
      "resolved": "https://registry.npmjs.org/@vue/compiler-sfc/-/compiler-sfc-3.2.45.tgz",
      "integrity": "sha512-1jXDuWah1ggsnSAOGsec8cFjT/K6TMZ0sPL3o3d84Ft2AYZi2jWJgRMjw4iaK0rBfA89L5gw427H4n1RZQBu6Q==",
      "dev": true,
      "requires": {
        "@babel/parser": "^7.16.4",
        "@vue/compiler-core": "3.2.45",
        "@vue/compiler-dom": "3.2.45",
        "@vue/compiler-ssr": "3.2.45",
        "@vue/reactivity-transform": "3.2.45",
        "@vue/shared": "3.2.45",
        "estree-walker": "^2.0.2",
        "magic-string": "^0.25.7",
        "postcss": "^8.1.10",
        "source-map": "^0.6.1"
      },
      "dependencies": {
        "@babel/parser": {
          "version": "7.20.7",
          "resolved": "https://registry.npmjs.org/@babel/parser/-/parser-7.20.7.tgz",
          "integrity": "sha512-T3Z9oHybU+0vZlY9CiDSJQTD5ZapcW18ZctFMi0MOAl/4BjFF4ul7NVSARLdbGO5vDqy9eQiGTV0LtKfvCYvcg==",
          "dev": true
        },
        "@vue/compiler-core": {
          "version": "3.2.45",
          "resolved": "https://registry.npmjs.org/@vue/compiler-core/-/compiler-core-3.2.45.tgz",
          "integrity": "sha512-rcMj7H+PYe5wBV3iYeUgbCglC+pbpN8hBLTJvRiK2eKQiWqu+fG9F+8sW99JdL4LQi7Re178UOxn09puSXvn4A==",
          "dev": true,
          "requires": {
            "@babel/parser": "^7.16.4",
            "@vue/shared": "3.2.45",
            "estree-walker": "^2.0.2",
            "source-map": "^0.6.1"
          }
        },
        "@vue/compiler-dom": {
          "version": "3.2.45",
          "resolved": "https://registry.npmjs.org/@vue/compiler-dom/-/compiler-dom-3.2.45.tgz",
          "integrity": "sha512-tyYeUEuKqqZO137WrZkpwfPCdiiIeXYCcJ8L4gWz9vqaxzIQRccTSwSWZ/Axx5YR2z+LvpUbmPNXxuBU45lyRw==",
          "dev": true,
          "requires": {
            "@vue/compiler-core": "3.2.45",
            "@vue/shared": "3.2.45"
          }
        },
        "@vue/shared": {
          "version": "3.2.45",
          "resolved": "https://registry.npmjs.org/@vue/shared/-/shared-3.2.45.tgz",
          "integrity": "sha512-Ewzq5Yhimg7pSztDV+RH1UDKBzmtqieXQlpTVm2AwraoRL/Rks96mvd8Vgi7Lj+h+TH8dv7mXD3FRZR3TUvbSg==",
          "dev": true
        }
      }
    },
    "@vue/compiler-ssr": {
      "version": "3.2.45",
      "resolved": "https://registry.npmjs.org/@vue/compiler-ssr/-/compiler-ssr-3.2.45.tgz",
      "integrity": "sha512-6BRaggEGqhWht3lt24CrIbQSRD5O07MTmd+LjAn5fJj568+R9eUD2F7wMQJjX859seSlrYog7sUtrZSd7feqrQ==",
      "dev": true,
      "requires": {
        "@vue/compiler-dom": "3.2.45",
        "@vue/shared": "3.2.45"
      },
      "dependencies": {
        "@babel/parser": {
          "version": "7.20.7",
          "resolved": "https://registry.npmjs.org/@babel/parser/-/parser-7.20.7.tgz",
          "integrity": "sha512-T3Z9oHybU+0vZlY9CiDSJQTD5ZapcW18ZctFMi0MOAl/4BjFF4ul7NVSARLdbGO5vDqy9eQiGTV0LtKfvCYvcg==",
          "dev": true
        },
        "@vue/compiler-core": {
          "version": "3.2.45",
          "resolved": "https://registry.npmjs.org/@vue/compiler-core/-/compiler-core-3.2.45.tgz",
          "integrity": "sha512-rcMj7H+PYe5wBV3iYeUgbCglC+pbpN8hBLTJvRiK2eKQiWqu+fG9F+8sW99JdL4LQi7Re178UOxn09puSXvn4A==",
          "dev": true,
          "requires": {
            "@babel/parser": "^7.16.4",
            "@vue/shared": "3.2.45",
            "estree-walker": "^2.0.2",
            "source-map": "^0.6.1"
          }
        },
        "@vue/compiler-dom": {
          "version": "3.2.45",
          "resolved": "https://registry.npmjs.org/@vue/compiler-dom/-/compiler-dom-3.2.45.tgz",
          "integrity": "sha512-tyYeUEuKqqZO137WrZkpwfPCdiiIeXYCcJ8L4gWz9vqaxzIQRccTSwSWZ/Axx5YR2z+LvpUbmPNXxuBU45lyRw==",
          "dev": true,
          "requires": {
            "@vue/compiler-core": "3.2.45",
            "@vue/shared": "3.2.45"
          }
        },
        "@vue/shared": {
          "version": "3.2.45",
          "resolved": "https://registry.npmjs.org/@vue/shared/-/shared-3.2.45.tgz",
          "integrity": "sha512-Ewzq5Yhimg7pSztDV+RH1UDKBzmtqieXQlpTVm2AwraoRL/Rks96mvd8Vgi7Lj+h+TH8dv7mXD3FRZR3TUvbSg==",
          "dev": true
        }
      }
    },
    "@vue/reactivity": {
      "version": "3.0.0-beta.14",
      "resolved": "https://registry.npmjs.org/@vue/reactivity/-/reactivity-3.0.0-beta.14.tgz",
      "integrity": "sha512-csqLljnM+8OBBAyzeUXGIYJhhph0DLOsHQwJGmz7uc342taW6XSi4MXaLk5MRiigunfmXxEswJGziwsh+4YP3g==",
      "requires": {
        "@vue/shared": "3.0.0-beta.14"
      }
    },
    "@vue/reactivity-transform": {
      "version": "3.2.45",
      "resolved": "https://registry.npmjs.org/@vue/reactivity-transform/-/reactivity-transform-3.2.45.tgz",
      "integrity": "sha512-BHVmzYAvM7vcU5WmuYqXpwaBHjsS8T63jlKGWVtHxAHIoMIlmaMyurUSEs1Zcg46M4AYT5MtB1U274/2aNzjJQ==",
      "dev": true,
      "requires": {
        "@babel/parser": "^7.16.4",
        "@vue/compiler-core": "3.2.45",
        "@vue/shared": "3.2.45",
        "estree-walker": "^2.0.2",
        "magic-string": "^0.25.7"
      },
      "dependencies": {
        "@babel/parser": {
          "version": "7.20.7",
          "resolved": "https://registry.npmjs.org/@babel/parser/-/parser-7.20.7.tgz",
          "integrity": "sha512-T3Z9oHybU+0vZlY9CiDSJQTD5ZapcW18ZctFMi0MOAl/4BjFF4ul7NVSARLdbGO5vDqy9eQiGTV0LtKfvCYvcg==",
          "dev": true
        },
        "@vue/compiler-core": {
          "version": "3.2.45",
          "resolved": "https://registry.npmjs.org/@vue/compiler-core/-/compiler-core-3.2.45.tgz",
          "integrity": "sha512-rcMj7H+PYe5wBV3iYeUgbCglC+pbpN8hBLTJvRiK2eKQiWqu+fG9F+8sW99JdL4LQi7Re178UOxn09puSXvn4A==",
          "dev": true,
          "requires": {
            "@babel/parser": "^7.16.4",
            "@vue/shared": "3.2.45",
            "estree-walker": "^2.0.2",
            "source-map": "^0.6.1"
          }
        },
        "@vue/shared": {
          "version": "3.2.45",
          "resolved": "https://registry.npmjs.org/@vue/shared/-/shared-3.2.45.tgz",
          "integrity": "sha512-Ewzq5Yhimg7pSztDV+RH1UDKBzmtqieXQlpTVm2AwraoRL/Rks96mvd8Vgi7Lj+h+TH8dv7mXD3FRZR3TUvbSg==",
          "dev": true
        }
      }
    },
    "@vue/runtime-core": {
      "version": "3.0.0-beta.14",
      "resolved": "https://registry.npmjs.org/@vue/runtime-core/-/runtime-core-3.0.0-beta.14.tgz",
      "integrity": "sha512-5WKNMd7lX0vdSMeNd1cF0VhM+N+kXicSXKKZtTfQLUfZt1gLuE3nlBhv1PqjGf79zXw5lQLzz6XoUY1i52rEkA==",
      "requires": {
        "@vue/reactivity": "3.0.0-beta.14",
        "@vue/shared": "3.0.0-beta.14"
      }
    },
    "@vue/runtime-dom": {
      "version": "3.0.0-beta.14",
      "resolved": "https://registry.npmjs.org/@vue/runtime-dom/-/runtime-dom-3.0.0-beta.14.tgz",
      "integrity": "sha512-nwHvG+IsO0Ttl39NPvQKX2vv5H4XWZVzZCX1rqEIBP3llHyyB9dMrNSPcw54YlPGrEuCwBxVDokHG4CSeVEdtg==",
      "requires": {
        "@vue/runtime-core": "3.0.0-beta.14",
        "@vue/shared": "3.0.0-beta.14",
        "csstype": "^2.6.8"
      }
    },
    "@vue/shared": {
      "version": "3.0.0-beta.14",
      "resolved": "https://registry.npmjs.org/@vue/shared/-/shared-3.0.0-beta.14.tgz",
      "integrity": "sha512-mnK5teJMLzsBE56Kys+uiyR/jAl1kbokHZ++MnlP7ls9icPqZ/QQE/VTDl3QJ7IHteS2VR6ytAz/Aa/4Dpv/ew=="
    },
    "csstype": {
      "version": "2.6.10",
      "resolved": "https://registry.npmjs.org/csstype/-/csstype-2.6.10.tgz",
      "integrity": "sha512-D34BqZU4cIlMCY93rZHbrq9pjTAQJ3U8S8rfBqjwHxkGPThWFjzZDQpgMJY0QViLxth6ZKYiwFBo14RdN44U/w=="
    },
    "esbuild": {
      "version": "0.16.12",
      "resolved": "https://registry.npmjs.org/esbuild/-/esbuild-0.16.12.tgz",
      "integrity": "sha512-eq5KcuXajf2OmivCl4e89AD3j8fbV+UTE9vczEzq5haA07U9oOTzBWlh3+6ZdjJR7Rz2QfWZ2uxZyhZxBgJ4+g==",
      "dev": true,
      "requires": {
        "@esbuild/android-arm": "0.16.12",
        "@esbuild/android-arm64": "0.16.12",
        "@esbuild/android-x64": "0.16.12",
        "@esbuild/darwin-arm64": "0.16.12",
        "@esbuild/darwin-x64": "0.16.12",
        "@esbuild/freebsd-arm64": "0.16.12",
        "@esbuild/freebsd-x64": "0.16.12",
        "@esbuild/linux-arm": "0.16.12",
        "@esbuild/linux-arm64": "0.16.12",
        "@esbuild/linux-ia32": "0.16.12",
        "@esbuild/linux-loong64": "0.16.12",
        "@esbuild/linux-mips64el": "0.16.12",
        "@esbuild/linux-ppc64": "0.16.12",
        "@esbuild/linux-riscv64": "0.16.12",
        "@esbuild/linux-s390x": "0.16.12",
        "@esbuild/linux-x64": "0.16.12",
        "@esbuild/netbsd-x64": "0.16.12",
        "@esbuild/openbsd-x64": "0.16.12",
        "@esbuild/sunos-x64": "0.16.12",
        "@esbuild/win32-arm64": "0.16.12",
        "@esbuild/win32-ia32": "0.16.12",
        "@esbuild/win32-x64": "0.16.12"
      }
    },
    "estree-walker": {
      "version": "2.0.2",
      "resolved": "https://registry.npmjs.org/estree-walker/-/estree-walker-2.0.2.tgz",
      "integrity": "sha512-Rfkk/Mp/DL7JVje3u18FxFujQlTNR2q6QfMSMB7AvCBx91NGj/ba3kCfza0f6dVDbw7YlRf/nDrn7pQrCCyQ/w==",
      "dev": true
    },
    "fsevents": {
      "version": "2.3.2",
      "resolved": "https://registry.npmjs.org/fsevents/-/fsevents-2.3.2.tgz",
      "integrity": "sha512-xiqMQR4xAeHTuB9uWm+fFRcIOgKBMiOBP+eXiyT7jsgVCq1bkVygt00oASowB7EdtpOHaaPgKt812P9ab+DDKA==",
      "dev": true,
      "optional": true
    },
    "function-bind": {
      "version": "1.1.1",
      "resolved": "https://registry.npmjs.org/function-bind/-/function-bind-1.1.1.tgz",
      "integrity": "sha512-yIovAzMX49sF8Yl58fSCWJ5svSLuaibPxXQJFLmBObTuCr0Mf1KiPopGM9NiFjiYBCbfaa2Fh6breQ6ANVTI0A==",
      "dev": true
    },
    "has": {
      "version": "1.0.3",
      "resolved": "https://registry.npmjs.org/has/-/has-1.0.3.tgz",
      "integrity": "sha512-f2dvO0VU6Oej7RkWJGrehjbzMAjFp5/VKPp5tTpWIV4JHHZK1/BxbFRtf/siA2SWTe09caDmVtYYzWEIbBS4zw==",
      "dev": true,
      "requires": {
        "function-bind": "^1.1.1"
      }
    },
    "is-core-module": {
      "version": "2.11.0",
      "resolved": "https://registry.npmjs.org/is-core-module/-/is-core-module-2.11.0.tgz",
      "integrity": "sha512-RRjxlvLDkD1YJwDbroBHMb+cukurkDWNyHx7D3oNB5x9rb5ogcksMC5wHCadcXoo67gVr/+3GFySh3134zi6rw==",
      "dev": true,
      "requires": {
        "has": "^1.0.3"
      }
    },
    "lodash": {
      "version": "4.17.19",
      "resolved": "https://registry.npmjs.org/lodash/-/lodash-4.17.19.tgz",
      "integrity": "sha512-JNvd8XER9GQX0v2qJgsaN/mzFCNA5BRe/j8JN9d+tWyGLSodKQHKFicdwNYzWwI3wjRnaKPsGj1XkBjx/F96DQ=="
    },
    "magic-string": {
      "version": "0.25.9",
      "resolved": "https://registry.npmjs.org/magic-string/-/magic-string-0.25.9.tgz",
      "integrity": "sha512-RmF0AsMzgt25qzqqLc1+MbHmhdx0ojF2Fvs4XnOqz2ZOBXzzkEwc/dJQZCYHAn7v1jbVOjAZfK8msRn4BxO4VQ==",
      "dev": true,
      "requires": {
        "sourcemap-codec": "^1.4.8"
      }
    },
    "nanoid": {
      "version": "3.3.4",
      "resolved": "https://registry.npmjs.org/nanoid/-/nanoid-3.3.4.tgz",
      "integrity": "sha512-MqBkQh/OHTS2egovRtLk45wEyNXwF+cokD+1YPf9u5VfJiRdAiRwB2froX5Co9Rh20xs4siNPm8naNotSD6RBw==",
      "dev": true
    },
    "path-parse": {
      "version": "1.0.7",
      "resolved": "https://registry.npmjs.org/path-parse/-/path-parse-1.0.7.tgz",
      "integrity": "sha512-LDJzPVEEEPR+y48z93A0Ed0yXb8pAByGWo/k5YYdYgpY2/2EsOsksJrq7lOHxryrVOn1ejG6oAp8ahvOIQD8sw==",
      "dev": true
    },
    "picocolors": {
      "version": "1.0.0",
      "resolved": "https://registry.npmjs.org/picocolors/-/picocolors-1.0.0.tgz",
      "integrity": "sha512-1fygroTLlHu66zi26VoTDv8yRgm0Fccecssto+MhsZ0D/DGW2sm8E8AjW7NU5VVTRt5GxbeZ5qBuJr+HyLYkjQ==",
      "dev": true
    },
    "postcss": {
      "version": "8.4.20",
      "resolved": "https://registry.npmjs.org/postcss/-/postcss-8.4.20.tgz",
      "integrity": "sha512-6Q04AXR1212bXr5fh03u8aAwbLxAQNGQ/Q1LNa0VfOI06ZAlhPHtQvE4OIdpj4kLThXilalPnmDSOD65DcHt+g==",
      "dev": true,
      "requires": {
        "nanoid": "^3.3.4",
        "picocolors": "^1.0.0",
        "source-map-js": "^1.0.2"
      }
    },
    "resolve": {
      "version": "1.22.1",
      "resolved": "https://registry.npmjs.org/resolve/-/resolve-1.22.1.tgz",
      "integrity": "sha512-nBpuuYuY5jFsli/JIs1oldw6fOQCBioohqWZg/2hiaOybXOft4lonv85uDOKXdf8rhyK159cxU5cDcK/NKk8zw==",
      "dev": true,
      "requires": {
        "is-core-module": "^2.9.0",
        "path-parse": "^1.0.7",
        "supports-preserve-symlinks-flag": "^1.0.0"
      }
    },
    "rollup": {
      "version": "3.9.0",
      "resolved": "https://registry.npmjs.org/rollup/-/rollup-3.9.0.tgz",
      "integrity": "sha512-nGGylpmblyjTpF4lEUPgmOw6OVxRvnI6Iuuh6Lz4O/X66cVOX1XJSsqP1YamxQ+mPuFE7qJxLFDSCk8rNv5dDw==",
      "dev": true,
      "requires": {
        "fsevents": "~2.3.2"
      }
    },
    "source-map": {
      "version": "0.6.1",
      "resolved": "https://registry.npmjs.org/source-map/-/source-map-0.6.1.tgz",
      "integrity": "sha512-UjgapumWlbMhkBgzT7Ykc5YXUT46F0iKu8SGXq0bcwP5dz/h0Plj6enJqjz1Zbq2l5WaqYnrVbwWOWMyF3F47g=="
    },
    "source-map-js": {
      "version": "1.0.2",
      "resolved": "https://registry.npmjs.org/source-map-js/-/source-map-js-1.0.2.tgz",
      "integrity": "sha512-R0XvVJ9WusLiqTCEiGCmICCMplcCkIwwR11mOSD9CR5u+IXYdiseeEuXCVAjS54zqwkLcPNnmU4OeJ6tUrWhDw==",
      "dev": true
    },
    "sourcemap-codec": {
      "version": "1.4.8",
      "resolved": "https://registry.npmjs.org/sourcemap-codec/-/sourcemap-codec-1.4.8.tgz",
      "integrity": "sha512-9NykojV5Uih4lgo5So5dtw+f0JgJX30KCNI8gwhz2J9A15wD0Ml6tjHKwf6fTSa6fAdVBdZeNOs9eJ71qCk8vA==",
      "dev": true
    },
    "supports-preserve-symlinks-flag": {
      "version": "1.0.0",
      "resolved": "https://registry.npmjs.org/supports-preserve-symlinks-flag/-/supports-preserve-symlinks-flag-1.0.0.tgz",
      "integrity": "sha512-ot0WnXS9fgdkgIcePe6RHNk1WA8+muPa6cSjeR3V8K27q9BB1rTE3R1p7Hv0z1ZyAc8s6Vvv8DIyWf681MAt0w==",
      "dev": true
    },
    "to-fast-properties": {
      "version": "2.0.0",
      "resolved": "https://registry.npmjs.org/to-fast-properties/-/to-fast-properties-2.0.0.tgz",
      "integrity": "sha1-3F5pjL0HkmW8c+A3doGk5Og/YW4="
    },
    "vite": {
      "version": "4.0.3",
      "resolved": "https://registry.npmjs.org/vite/-/vite-4.0.3.tgz",
      "integrity": "sha512-HvuNv1RdE7deIfQb8mPk51UKjqptO/4RXZ5yXSAvurd5xOckwS/gg8h9Tky3uSbnjYTgUm0hVCet1cyhKd73ZA==",
      "dev": true,
      "requires": {
        "esbuild": "^0.16.3",
        "fsevents": "~2.3.2",
        "postcss": "^8.4.20",
        "resolve": "^1.22.1",
        "rollup": "^3.7.0"
      }
    },
    "vue": {
      "version": "3.0.0-beta.14",
      "resolved": "https://registry.npmjs.org/vue/-/vue-3.0.0-beta.14.tgz",
      "integrity": "sha512-0MH1g5O3zX8ijvZuiQTYFq3UwHxtj512I/wrMPQLVXwjqb+ILA+fooSpdz4xgUBBl5zN/K9xJIwbl23sv+Sn7A==",
      "requires": {
        "@vue/compiler-dom": "3.0.0-beta.14",
        "@vue/runtime-dom": "3.0.0-beta.14",
        "@vue/shared": "3.0.0-beta.14"
      }
    },
    "vue-router": {
      "version": "4.0.0-alpha.11",
      "resolved": "https://registry.npmjs.org/vue-router/-/vue-router-4.0.0-alpha.11.tgz",
      "integrity": "sha512-GEgKq7rlwdv03QcGqADZg+Es8D6R8FfZRLSj0Ardx/sK8PiIxpt5ViwW94Zh2LuIEiuM1U5v8iyTBya0UBK61g=="
    }
  }
}
